
Microsoft Visual Studio Solution File, Format Version 12.00
# Visual Studio Version 17
VisualStudioVersion = 17.8.34330.188
MinimumVisualStudioVersion = 10.0.40219.1
Project("{2150E333-8FDC-42A3-9474-1A3956D46DE8}") = "Deployments", "Deployments", "{E3100046-0EDB-4022-A0B4-988DAF4A2444}"
EndProject
Project("{2150E333-8FDC-42A3-9474-1A3956D46DE8}") = "Libraries", "Libraries", "{6CEEE38C-22A1-46F0-BFE8-2E623D6BB02E}"
EndProject
Project("{9A19103F-16F7-4668-BE54-9A1E7A4F7556}") = "Blazr.Weather.Server", "source\Deployments\Blazr.Weather.Server\Blazr.Weather.Server.csproj", "{9327A5DA-57D3-4272-B0A3-628A649AEB7F}"
EndProject
Project("{2150E333-8FDC-42A3-9474-1A3956D46DE8}") = "Application", "Application", "{DAAAD249-E9A9-4993-93FB-EBACC3AE2130}"
EndProject
Project("{9A19103F-16F7-4668-BE54-9A1E7A4F7556}") = "Blazr.App", "source\Application\Blazr.App\Blazr.App.csproj", "{23456938-2AA7-4ADD-BF69-CC4EF29CF68A}"
EndProject
Project("{FAE04EC0-301F-11D3-BF4B-00C04F79EFBC}") = "Blazr.Gallium", "source\Libraries\Blazr.Gallium\Blazr.Gallium.csproj", "{157AAEA7-93CE-4BE9-8F7D-B7E9BA144844}"
EndProject
Project("{2150E333-8FDC-42A3-9474-1A3956D46DE8}") = "Solution Items", "Solution Items", "{8AC18295-8822-4B92-BB71-525A8918B827}"
	ProjectSection(SolutionItems) = preProject
		readme.md = readme.md
	EndProjectSection
EndProject
Project("{2150E333-8FDC-42A3-9474-1A3956D46DE8}") = "Documents", "Documents", "{4D1EC4C1-3F4A-47E5-84A4-34C75103D9DC}"
	ProjectSection(SolutionItems) = preProject
		Documents\Antimony.md = Documents\Antimony.md
		Documents\API.md = Documents\API.md
		Documents\Commands.md = Documents\Commands.md
		Documents\CQS.md = Documents\CQS.md
		Documents\Entities-and-Value-Objects.md = Documents\Entities-and-Value-Objects.md
		Documents\Generics.md = Documents\Generics.md
		Documents\Intro.md = Documents\Intro.md
		Documents\ItemQueries.md = Documents\ItemQueries.md
		Documents\Mutating-Entities-and-Validation.md = Documents\Mutating-Entities-and-Validation.md
		Documents\Notifications.md = Documents\Notifications.md
	EndProjectSection
EndProject
Project("{2150E333-8FDC-42A3-9474-1A3956D46DE8}") = "Aspire", "Aspire", "{F6C406C2-7806-4398-A77C-BAC341AF362B}"
EndProject
Project("{FAE04EC0-301F-11D3-BF4B-00C04F79EFBC}") = "Blazr.Diode", "source\Libraries\Blazr.Diode\Blazr.Diode.csproj", "{FAF25289-C2B4-0DF2-1655-A7B99C4B3729}"
EndProject
Project("{FAE04EC0-301F-11D3-BF4B-00C04F79EFBC}") = "Blazr.Diode.EntityFramework", "source\Libraries\Blazr.Diode.EntityFramework\Blazr.Diode.EntityFramework.csproj", "{6BCFF48A-CC17-F4A3-6D52-6BF1805A560B}"
EndProject
Project("{FAE04EC0-301F-11D3-BF4B-00C04F79EFBC}") = "Blazr.App.EntityFramework", "source\Application\Blazr.App.EntityFramework\Blazr.App.EntityFramework.csproj", "{60CE4D5C-2C90-A718-38EB-9C5AE4607BA4}"
EndProject
Project("{FAE04EC0-301F-11D3-BF4B-00C04F79EFBC}") = "Blazr.Cadmium", "source\Libraries\Blazr.Cadmium\Blazr.Cadmium.csproj", "{72AD3EAB-BE4A-4ED0-A319-4C97C6F49C00}"
EndProject
Project("{FAE04EC0-301F-11D3-BF4B-00C04F79EFBC}") = "Blazr.Indium", "source\Libraries\Blazr.Indium\Blazr.Indium.csproj", "{E1B1E2AB-5299-BEF5-C177-EDB434D2E2A5}"
EndProject
Project("{FAE04EC0-301F-11D3-BF4B-00C04F79EFBC}") = "Blazr.Uranium", "source\Libraries\Blazr.Uranium\Blazr.Uranium.csproj", "{001395E4-D921-DA33-3B31-D8B44ED43BCA}"
EndProject
Project("{FAE04EC0-301F-11D3-BF4B-00C04F79EFBC}") = "Blazr.Manganese", "source\Libraries\Blazr.Manganese\Blazr.Manganese.csproj", "{0C56FDAE-20D0-4701-B857-E232A6DC7E6F}"
EndProject
Global
	GlobalSection(SolutionConfigurationPlatforms) = preSolution
		Debug|Any CPU = Debug|Any CPU
		Release|Any CPU = Release|Any CPU
	EndGlobalSection
	GlobalSection(ProjectConfigurationPlatforms) = postSolution
		{9327A5DA-57D3-4272-B0A3-628A649AEB7F}.Debug|Any CPU.ActiveCfg = Debug|Any CPU
		{9327A5DA-57D3-4272-B0A3-628A649AEB7F}.Debug|Any CPU.Build.0 = Debug|Any CPU
		{9327A5DA-57D3-4272-B0A3-628A649AEB7F}.Release|Any CPU.ActiveCfg = Release|Any CPU
		{9327A5DA-57D3-4272-B0A3-628A649AEB7F}.Release|Any CPU.Build.0 = Release|Any CPU
		{23456938-2AA7-4ADD-BF69-CC4EF29CF68A}.Debug|Any CPU.ActiveCfg = Debug|Any CPU
		{23456938-2AA7-4ADD-BF69-CC4EF29CF68A}.Debug|Any CPU.Build.0 = Debug|Any CPU
		{23456938-2AA7-4ADD-BF69-CC4EF29CF68A}.Release|Any CPU.ActiveCfg = Release|Any CPU
		{23456938-2AA7-4ADD-BF69-CC4EF29CF68A}.Release|Any CPU.Build.0 = Release|Any CPU
		{157AAEA7-93CE-4BE9-8F7D-B7E9BA144844}.Debug|Any CPU.ActiveCfg = Debug|Any CPU
		{157AAEA7-93CE-4BE9-8F7D-B7E9BA144844}.Debug|Any CPU.Build.0 = Debug|Any CPU
		{157AAEA7-93CE-4BE9-8F7D-B7E9BA144844}.Release|Any CPU.ActiveCfg = Release|Any CPU
		{157AAEA7-93CE-4BE9-8F7D-B7E9BA144844}.Release|Any CPU.Build.0 = Release|Any CPU
		{FAF25289-C2B4-0DF2-1655-A7B99C4B3729}.Debug|Any CPU.ActiveCfg = Debug|Any CPU
		{FAF25289-C2B4-0DF2-1655-A7B99C4B3729}.Debug|Any CPU.Build.0 = Debug|Any CPU
		{FAF25289-C2B4-0DF2-1655-A7B99C4B3729}.Release|Any CPU.ActiveCfg = Release|Any CPU
		{FAF25289-C2B4-0DF2-1655-A7B99C4B3729}.Release|Any CPU.Build.0 = Release|Any CPU
		{6BCFF48A-CC17-F4A3-6D52-6BF1805A560B}.Debug|Any CPU.ActiveCfg = Debug|Any CPU
		{6BCFF48A-CC17-F4A3-6D52-6BF1805A560B}.Debug|Any CPU.Build.0 = Debug|Any CPU
		{6BCFF48A-CC17-F4A3-6D52-6BF1805A560B}.Release|Any CPU.ActiveCfg = Release|Any CPU
		{6BCFF48A-CC17-F4A3-6D52-6BF1805A560B}.Release|Any CPU.Build.0 = Release|Any CPU
		{60CE4D5C-2C90-A718-38EB-9C5AE4607BA4}.Debug|Any CPU.ActiveCfg = Debug|Any CPU
		{60CE4D5C-2C90-A718-38EB-9C5AE4607BA4}.Debug|Any CPU.Build.0 = Debug|Any CPU
		{60CE4D5C-2C90-A718-38EB-9C5AE4607BA4}.Release|Any CPU.ActiveCfg = Release|Any CPU
		{60CE4D5C-2C90-A718-38EB-9C5AE4607BA4}.Release|Any CPU.Build.0 = Release|Any CPU
		{72AD3EAB-BE4A-4ED0-A319-4C97C6F49C00}.Debug|Any CPU.ActiveCfg = Debug|Any CPU
		{72AD3EAB-BE4A-4ED0-A319-4C97C6F49C00}.Debug|Any CPU.Build.0 = Debug|Any CPU
		{72AD3EAB-BE4A-4ED0-A319-4C97C6F49C00}.Release|Any CPU.ActiveCfg = Release|Any CPU
		{72AD3EAB-BE4A-4ED0-A319-4C97C6F49C00}.Release|Any CPU.Build.0 = Release|Any CPU
		{E1B1E2AB-5299-BEF5-C177-EDB434D2E2A5}.Debug|Any CPU.ActiveCfg = Debug|Any CPU
		{E1B1E2AB-5299-BEF5-C177-EDB434D2E2A5}.Debug|Any CPU.Build.0 = Debug|Any CPU
		{E1B1E2AB-5299-BEF5-C177-EDB434D2E2A5}.Release|Any CPU.ActiveCfg = Release|Any CPU
		{E1B1E2AB-5299-BEF5-C177-EDB434D2E2A5}.Release|Any CPU.Build.0 = Release|Any CPU
		{001395E4-D921-DA33-3B31-D8B44ED43BCA}.Debug|Any CPU.ActiveCfg = Debug|Any CPU
		{001395E4-D921-DA33-3B31-D8B44ED43BCA}.Debug|Any CPU.Build.0 = Debug|Any CPU
		{001395E4-D921-DA33-3B31-D8B44ED43BCA}.Release|Any CPU.ActiveCfg = Release|Any CPU
		{001395E4-D921-DA33-3B31-D8B44ED43BCA}.Release|Any CPU.Build.0 = Release|Any CPU
		{0C56FDAE-20D0-4701-B857-E232A6DC7E6F}.Debug|Any CPU.ActiveCfg = Debug|Any CPU
		{0C56FDAE-20D0-4701-B857-E232A6DC7E6F}.Debug|Any CPU.Build.0 = Debug|Any CPU
		{0C56FDAE-20D0-4701-B857-E232A6DC7E6F}.Release|Any CPU.ActiveCfg = Release|Any CPU
		{0C56FDAE-20D0-4701-B857-E232A6DC7E6F}.Release|Any CPU.Build.0 = Release|Any CPU
	EndGlobalSection
	GlobalSection(SolutionProperties) = preSolution
		HideSolutionNode = FALSE
	EndGlobalSection
	GlobalSection(NestedProjects) = preSolution
		{9327A5DA-57D3-4272-B0A3-628A649AEB7F} = {E3100046-0EDB-4022-A0B4-988DAF4A2444}
		{23456938-2AA7-4ADD-BF69-CC4EF29CF68A} = {DAAAD249-E9A9-4993-93FB-EBACC3AE2130}
		{157AAEA7-93CE-4BE9-8F7D-B7E9BA144844} = {6CEEE38C-22A1-46F0-BFE8-2E623D6BB02E}
		{FAF25289-C2B4-0DF2-1655-A7B99C4B3729} = {6CEEE38C-22A1-46F0-BFE8-2E623D6BB02E}
		{6BCFF48A-CC17-F4A3-6D52-6BF1805A560B} = {6CEEE38C-22A1-46F0-BFE8-2E623D6BB02E}
		{60CE4D5C-2C90-A718-38EB-9C5AE4607BA4} = {DAAAD249-E9A9-4993-93FB-EBACC3AE2130}
		{72AD3EAB-BE4A-4ED0-A319-4C97C6F49C00} = {6CEEE38C-22A1-46F0-BFE8-2E623D6BB02E}
		{E1B1E2AB-5299-BEF5-C177-EDB434D2E2A5} = {6CEEE38C-22A1-46F0-BFE8-2E623D6BB02E}
		{001395E4-D921-DA33-3B31-D8B44ED43BCA} = {6CEEE38C-22A1-46F0-BFE8-2E623D6BB02E}
		{0C56FDAE-20D0-4701-B857-E232A6DC7E6F} = {6CEEE38C-22A1-46F0-BFE8-2E623D6BB02E}
	EndGlobalSection
	GlobalSection(ExtensibilityGlobals) = postSolution
		SolutionGuid = {6391AA79-7960-44BD-8C2A-7CFB5B84DB4B}
	EndGlobalSection
EndGlobal
